# This file is automatically @generated by Cargo.
# It is not intended for manual editing.
version = 4

[[package]]
name = "calculator"
version = "0.1.0"
dependencies = [
 "evalexpr",
]

[[package]]
name = "evalexpr"
version = "12.0.2"
source = "registry+https://github.com/rust-lang/crates.io-index"
checksum = "02a3229bec56a977f174b32fe7b8d89e8c79ebb4493d10ad763b6676dc2dc0c9"
